{
  "name": "lapin-fute",
  "version": "0.1.0",
  "lockfileVersion": 3,
  "requires": true,
  "packages": {
    "": {
      "name": "lapin-fute",
      "version": "0.1.0",
      "workspaces": [
        "packages/*"
      ],
      "engines": {
        "node": "24.18.0"
      }
    },
    "node_modules/@lapin-fute/backend": {
      "resolved": "packages/backend",
      "link": true
    },
    "node_modules/@lapin-fute/companion": {
      "resolved": "packages/companion",
      "link": true
    },
    "node_modules/@lapin-fute/config-page": {
      "resolved": "packages/config-page",
      "link": true
    },
    "node_modules/csv-parse": {
      "version": "7.0.2",
      "resolved": "https://registry.npmjs.org/csv-parse/-/csv-parse-7.0.2.tgz",
      "integrity": "sha512-uKZghv9UmPkMVLYy//KZ9HFAIJsl7wkhoEdIL0+rhuSY9pZQlhaeGEDPIe+/w7eh81MOql8Q/9+inAGWG6ZHYA==",
      "license": "MIT"
    },
    "node_modules/lapin-fute-watch": {
      "resolved": "packages/watch",
      "link": true
    },
    "node_modules/pend": {
      "version": "1.2.0",
      "resolved": "https://registry.npmjs.org/pend/-/pend-1.2.0.tgz",
      "integrity": "sha512-F3asv42UuXchdzt+xXqfW1OGlVBe+mxa2mqI0pg5yAHZPvFmY3Y6drSf/GQ1A86WgWEN9Kzh/WrgKa6iGcHXLg==",
      "license": "MIT"
    },
    "node_modules/yauzl": {
      "version": "3.4.0",
      "resolved": "https://registry.npmjs.org/yauzl/-/yauzl-3.4.0.tgz",
      "integrity": "sha512-jIH9yLR9wqr0wOS0TpBvo/g/2UgZH5qePVbjgRliiF0BYvOZyaBknKsF+x9Iht0O6sqgnB93rCICdOZFecJuDw==",
      "license": "MIT",
      "dependencies": {
        "pend": "~1.2.0"
      },
      "engines": {
        "node": ">=12"
      }
    },
    "packages/backend": {
      "name": "@lapin-fute/backend",
      "version": "0.1.0",
      "dependencies": {
        "csv-parse": "7.0.2",
        "yauzl": "3.4.0"
      }
    },
    "packages/companion": {
      "name": "@lapin-fute/companion",
      "version": "0.1.0"
    },
    "packages/config-page": {
      "name": "@lapin-fute/config-page",
      "version": "0.1.0"
    },
    "packages/watch": {
      "name": "lapin-fute-watch",
      "version": "0.1.0"
    }
  }
}
